// !$*UTF8*$!
{
	archiveVersion = 1;
	classes = {
	};
	objectVersion = 46;
	objects = {

/* Begin PBXBuildFile section */
		76CAFF4C1A2421100079ABB2 /* main.m in Sources */ = {isa = PBXBuildFile; fileRef = 76CAFF4B1A2421100079ABB2 /* main.m */; };
		76CAFF4F1A2421100079ABB2 /* AppDelegate.m in Sources */ = {isa = PBXBuildFile; fileRef = 76CAFF4E1A2421100079ABB2 /* AppDelegate.m */; };
		76CAFF521A2421100079ABB2 /* ViewController.m in Sources */ = {isa = PBXBuildFile; fileRef = 76CAFF511A2421100079ABB2 /* ViewController.m */; };
		76CAFF551A2421100079ABB2 /* Main.storyboard in Resources */ = {isa = PBXBuildFile; fileRef = 76CAFF531A2421100079ABB2 /* Main.storyboard */; };
		76CAFF571A2421100079ABB2 /* Images.xcassets in Resources */ = {isa = PBXBuildFile; fileRef = 76CAFF561A2421100079ABB2 /* Images.xcassets */; };
		76CAFF5A1A2421100079ABB2 /* LaunchScreen.xib in Resources */ = {isa = PBXBuildFile; fileRef = 76CAFF581A2421100079ABB2 /* LaunchScreen.xib */; };
		76CAFF661A2421100079ABB2 /* ExerciseTableViewNavi_1125Tests.m in Sources */ = {isa = PBXBuildFile; fileRef = 76CAFF651A2421100079ABB2 /* ExerciseTableViewNavi_1125Tests.m */; };
		76CAFF841A2435C70079ABB2 /* AFHTTPClient.m in Sources */ = {isa = PBXBuildFile; fileRef = 76CAFF721A2435C70079ABB2 /* AFHTTPClient.m */; };
		76CAFF851A2435C70079ABB2 /* AFHTTPRequestOperation.m in Sources */ = {isa = PBXBuildFile; fileRef = 76CAFF741A2435C70079ABB2 /* AFHTTPRequestOperation.m */; };
		76CAFF861A2435C70079ABB2 /* AFImageRequestOperation.m in Sources */ = {isa = PBXBuildFile; fileRef = 76CAFF761A2435C70079ABB2 /* AFImageRequestOperation.m */; };
		76CAFF871A2435C70079ABB2 /* AFJSONRequestOperation.m in Sources */ = {isa = PBXBuildFile; fileRef = 76CAFF781A2435C70079ABB2 /* AFJSONRequestOperation.m */; };
		76CAFF881A2435C70079ABB2 /* AFNetworkActivityIndicatorManager.m in Sources */ = {isa = PBXBuildFile; fileRef = 76CAFF7A1A2435C70079ABB2 /* AFNetworkActivityIndicatorManager.m */; };
		76CAFF891A2435C70079ABB2 /* AFPropertyListRequestOperation.m in Sources */ = {isa = PBXBuildFile; fileRef = 76CAFF7D1A2435C70079ABB2 /* AFPropertyListRequestOperation.m */; };
		76CAFF8A1A2435C70079ABB2 /* AFURLConnectionOperation.m in Sources */ = {isa = PBXBuildFile; fileRef = 76CAFF7F1A2435C70079ABB2 /* AFURLConnectionOperation.m */; };
		76CAFF8B1A2435C70079ABB2 /* AFXMLRequestOperation.m in Sources */ = {isa = PBXBuildFile; fileRef = 76CAFF811A2435C70079ABB2 /* AFXMLRequestOperation.m */; };
		76CAFF8C1A2435C70079ABB2 /* UIImageView+AFNetworking.m in Sources */ = {isa = PBXBuildFile; fileRef = 76CAFF831A2435C70079ABB2 /* UIImageView+AFNetworking.m */; };
		76CAFF901A2436A30079ABB2 /* btn_nav_back.png in Resources */ = {isa = PBXBuildFile; fileRef = 76CAFF8E1A2436A30079ABB2 /* btn_nav_back.png */; };
		76CAFF911A2436A30079ABB2 /* btn_nav_back@2x.png in Resources */ = {isa = PBXBuildFile; fileRef = 76CAFF8F1A2436A30079ABB2 /* btn_nav_back@2x.png */; };
/* End PBXBuildFile section */

/* Begin PBXContainerItemProxy section */
		76CAFF601A2421100079ABB2 /* PBXContainerItemProxy */ = {
			isa = PBXContainerItemProxy;
			containerPortal = 76CAFF3E1A2421100079ABB2 /* Project object */;
			proxyType = 1;
			remoteGlobalIDString = 76CAFF451A2421100079ABB2;
			remoteInfo = ExerciseTableViewNavi_1125;
		};
/* End PBXContainerItemProxy section */

/* Begin PBXFileReference section */
		76CAFF461A2421100079ABB2 /* ExerciseTableViewNavi_1125.app */ = {isa = PBXFileReference; explicitFileType = wrapper.application; includeInIndex = 0; path = ExerciseTableViewNavi_1125.app; sourceTree = BUILT_PRODUCTS_DIR; };
		76CAFF4A1A2421100079ABB2 /* Info.plist */ = {isa = PBXFileReference; lastKnownFileType = text.plist.xml; path = Info.plist; sourceTree = "<group>"; };
		76CAFF4B1A2421100079ABB2 /* main.m */ = {isa = PBXFileReference; lastKnownFileType = sourcecode.c.objc; path = main.m; sourceTree = "<group>"; };
		76CAFF4D1A2421100079ABB2 /* AppDelegate.h */ = {isa = PBXFileReference; lastKnownFileType = sourcecode.c.h; path = AppDelegate.h; sourceTree = "<group>"; };
		76CAFF4E1A2421100079ABB2 /* AppDelegate.m */ = {isa = PBXFileReference; lastKnownFileType = sourcecode.c.objc; path = AppDelegate.m; sourceTree = "<group>"; };
		76CAFF501A2421100079ABB2 /* ViewController.h */ = {isa = PBXFileReference; lastKnownFileType = sourcecode.c.h; path = ViewController.h; sourceTree = "<group>"; };
		76CAFF511A2421100079ABB2 /* ViewController.m */ = {isa = PBXFileReference; lastKnownFileType = sourcecode.c.objc; path = ViewController.m; sourceTree = "<group>"; };
		76CAFF541A2421100079ABB2 /* Base */ = {isa = PBXFileReference; lastKnownFileType = file.storyboard; name = Base; path = Base.lproj/Main.storyboard; sourceTree = "<group>"; };
		76CAFF561A2421100079ABB2 /* Images.xcassets */ = {isa = PBXFileReference; lastKnownFileType = folder.assetcatalog; path = Images.xcassets; sourceTree = "<group>"; };
		76CAFF591A2421100079ABB2 /* Base */ = {isa = PBXFileReference; lastKnownFileType = file.xib; name = Base; path = Base.lproj/LaunchScreen.xib; sourceTree = "<group>"; };
		76CAFF5F1A2421100079ABB2 /* ExerciseTableViewNavi_1125Tests.xctest */ = {isa = PBXFileReference; explicitFileType = wrapper.cfbundle; includeInIndex = 0; path = ExerciseTableViewNavi_1125Tests.xctest; sourceTree = BUILT_PRODUCTS_DIR; };
		76CAFF641A2421100079ABB2 /* Info.plist */ = {isa = PBXFileReference; lastKnownFileType = text.plist.xml; path = Info.plist; sourceTree = "<group>"; };
		76CAFF651A2421100079ABB2 /* ExerciseTableViewNavi_1125Tests.m */ = {isa = PBXFileReference; lastKnownFileType = sourcecode.c.objc; path = ExerciseTableViewNavi_1125Tests.m; sourceTree = "<group>"; };
		76CAFF711A2435C70079ABB2 /* AFHTTPClient.h */ = {isa = PBXFileReference; fileEncoding = 4; lastKnownFileType = sourcecode.c.h; path = AFHTTPClient.h; sourceTree = "<group>"; };
		76CAFF721A2435C70079ABB2 /* AFHTTPClient.m */ = {isa = PBXFileReference; fileEncoding = 4; lastKnownFileType = sourcecode.c.objc; path = AFHTTPClient.m; sourceTree = "<group>"; };
		76CAFF731A2435C70079ABB2 /* AFHTTPRequestOperation.h */ = {isa = PBXFileReference; fileEncoding = 4; lastKnownFileType = sourcecode.c.h; path = AFHTTPRequestOperation.h; sourceTree = "<group>"; };
		76CAFF741A2435C70079ABB2 /* AFHTTPRequestOperation.m */ = {isa = PBXFileReference; fileEncoding = 4; lastKnownFileType = sourcecode.c.objc; path = AFHTTPRequestOperation.m; sourceTree = "<group>"; };
		76CAFF751A2435C70079ABB2 /* AFImageRequestOperation.h */ = {isa = PBXFileReference; fileEncoding = 4; lastKnownFileType = sourcecode.c.h; path = AFImageRequestOperation.h; sourceTree = "<group>"; };
		76CAFF761A2435C70079ABB2 /* AFImageRequestOperation.m */ = {isa = PBXFileReference; fileEncoding = 4; lastKnownFileType = sourcecode.c.objc; path = AFImageRequestOperation.m; sourceTree = "<group>"; };
		76CAFF771A2435C70079ABB2 /* AFJSONRequestOperation.h */ = {isa = PBXFileReference; fileEncoding = 4; lastKnownFileType = sourcecode.c.h; path = AFJSONRequestOperation.h; sourceTree = "<group>"; };
		76CAFF781A2435C70079ABB2 /* AFJSONRequestOperation.m */ = {isa = PBXFileReference; fileEncoding = 4; lastKnownFileType = sourcecode.c.objc; path = AFJSONRequestOperation.m; sourceTree = "<group>"; };
		76CAFF791A2435C70079ABB2 /* AFNetworkActivityIndicatorManager.h */ = {isa = PBXFileReference; fileEncoding = 4; lastKnownFileType = sourcecode.c.h; path = AFNetworkActivityIndicatorManager.h; sourceTree = "<group>"; };
		76CAFF7A1A2435C70079ABB2 /* AFNetworkActivityIndicatorManager.m */ = {isa = PBXFileReference; fileEncoding = 4; lastKnownFileType = sourcecode.c.objc; path = AFNetworkActivityIndicatorManager.m; sourceTree = "<group>"; };
		76CAFF7B1A2435C70079ABB2 /* AFNetworking.h */ = {isa = PBXFileReference; fileEncoding = 4; lastKnownFileType = sourcecode.c.h; path = AFNetworking.h; sourceTree = "<group>"; };
		76CAFF7C1A2435C70079ABB2 /* AFPropertyListRequestOperation.h */ = {isa = PBXFileReference; fileEncoding = 4; lastKnownFileType = sourcecode.c.h; path = AFPropertyListRequestOperation.h; sourceTree = "<group>"; };
		76CAFF7D1A2435C70079ABB2 /* AFPropertyListRequestOperation.m */ = {isa = PBXFileReference; fileEncoding = 4; lastKnownFileType = sourcecode.c.objc; path = AFPropertyListRequestOperation.m; sourceTree = "<group>"; };
		76CAFF7E1A2435C70079ABB2 /* AFURLConnectionOperation.h */ = {isa = PBXFileReference; fileEncoding = 4; lastKnownFileType = sourcecode.c.h; path = AFURLConnectionOperation.h; sourceTree = "<group>"; };
		76CAFF7F1A2435C70079ABB2 /* AFURLConnectionOperation.m */ = {isa = PBXFileReference; fileEncoding = 4; lastKnownFileType = sourcecode.c.objc; path = AFURLConnectionOperation.m; sourceTree = "<group>"; };
		76CAFF801A2435C70079ABB2 /* AFXMLRequestOperation.h */ = {isa = PBXFileReference; fileEncoding = 4; lastKnownFileType = sourcecode.c.h; path = AFXMLRequestOperation.h; sourceTree = "<group>"; };
		76CAFF811A2435C70079ABB2 /* AFXMLRequestOperation.m */ = {isa = PBXFileReference; fileEncoding = 4; lastKnownFileType = sourcecode.c.objc; path = AFXMLRequestOperation.m; sourceTree = "<group>"; };
		76CAFF821A2435C70079ABB2 /* UIImageView+AFNetworking.h */ = {isa = PBXFileReference; fileEncoding = 4; lastKnownFileType = sourcecode.c.h; path = "UIImageView+AFNetworking.h"; sourceTree = "<group>"; };
		76CAFF831A2435C70079ABB2 /* UIImageView+AFNetworking.m */ = {isa = PBXFileReference; fileEncoding = 4; lastKnownFileType = sourcecode.c.objc; path = "UIImageView+AFNetworking.m"; sourceTree = "<group>"; };
		76CAFF8E1A2436A30079ABB2 /* btn_nav_back.png */ = {isa = PBXFileReference; lastKnownFileType = image.png; path = btn_nav_back.png; sourceTree = "<group>"; };
		76CAFF8F1A2436A30079ABB2 /* btn_nav_back@2x.png */ = {isa = PBXFileReference; lastKnownFileType = image.png; path = "btn_nav_back@2x.png"; sourceTree = "<group>"; };
/* End PBXFileReference section */

/* Begin PBXFrameworksBuildPhase section */
		76CAFF431A2421100079ABB2 /* Frameworks */ = {
			isa = PBXFrameworksBuildPhase;
			buildActionMask = 2147483647;
			files = (
			);
			runOnlyForDeploymentPostprocessing = 0;
		};
		76CAFF5C1A2421100079ABB2 /* Frameworks */ = {
			isa = PBXFrameworksBuildPhase;
			buildActionMask = 2147483647;
			files = (
			);
			runOnlyForDeploymentPostprocessing = 0;
		};
/* End PBXFrameworksBuildPhase section */

/* Begin PBXGroup section */
		76CAFF3D1A2421100079ABB2 = {
			isa = PBXGroup;
			children = (
				76CAFF481A2421100079ABB2 /* ExerciseTableViewNavi_1125 */,
				76CAFF621A2421100079ABB2 /* ExerciseTableViewNavi_1125Tests */,
				76CAFF471A2421100079ABB2 /* Products */,
			);
			sourceTree = "<group>";
		};
		76CAFF471A2421100079ABB2 /* Products */ = {
			isa = PBXGroup;
			children = (
				76CAFF461A2421100079ABB2 /* ExerciseTableViewNavi_1125.app */,
				76CAFF5F1A2421100079ABB2 /* ExerciseTableViewNavi_1125Tests.xctest */,
			);
			name = Products;
			sourceTree = "<group>";
		};
		76CAFF481A2421100079ABB2 /* ExerciseTableViewNavi_1125 */ = {
			isa = PBXGroup;
			children = (
				76CAFF6F1A2434B80079ABB2 /* Library */,
				76CAFF4D1A2421100079ABB2 /* AppDelegate.h */,
				76CAFF4E1A2421100079ABB2 /* AppDelegate.m */,
				76CAFF501A2421100079ABB2 /* ViewController.h */,
				76CAFF511A2421100079ABB2 /* ViewController.m */,
				76CAFF531A2421100079ABB2 /* Main.storyboard */,
				76CAFF561A2421100079ABB2 /* Images.xcassets */,
				76CAFF581A2421100079ABB2 /* LaunchScreen.xib */,
				76CAFF491A2421100079ABB2 /* Supporting Files */,
			);
			path = ExerciseTableViewNavi_1125;
			sourceTree = "<group>";
		};
		76CAFF491A2421100079ABB2 /* Supporting Files */ = {
			isa = PBXGroup;
			children = (
				76CAFF8D1A24364F0079ABB2 /* Images */,
				76CAFF4A1A2421100079ABB2 /* Info.plist */,
				76CAFF4B1A2421100079ABB2 /* main.m */,
			);
			name = "Supporting Files";
			sourceTree = "<group>";
		};
		76CAFF621A2421100079ABB2 /* ExerciseTableViewNavi_1125Tests */ = {
			isa = PBXGroup;
			children = (
				76CAFF651A2421100079ABB2 /* ExerciseTableViewNavi_1125Tests.m */,
				76CAFF631A2421100079ABB2 /* Supporting Files */,
			);
			path = ExerciseTableViewNavi_1125Tests;
			sourceTree = "<group>";
		};
		76CAFF631A2421100079ABB2 /* Supporting Files */ = {
			isa = PBXGroup;
			children = (
				76CAFF641A2421100079ABB2 /* Info.plist */,
			);
			name = "Supporting Files";
			sourceTree = "<group>";
		};
		76CAFF6F1A2434B80079ABB2 /* Library */ = {
			isa = PBXGroup;
			children = (
				76CAFF701A2434C50079ABB2 /* AFNetworking */,
			);
			name = Library;
			sourceTree = "<group>";
		};
		76CAFF701A2434C50079ABB2 /* AFNetworking */ = {
			isa = PBXGroup;
			children = (
				76CAFF711A2435C70079ABB2 /* AFHTTPClient.h */,
				76CAFF721A2435C70079ABB2 /* AFHTTPClient.m */,
				76CAFF731A2435C70079ABB2 /* AFHTTPRequestOperation.h */,
				76CAFF741A2435C70079ABB2 /* AFHTTPRequestOperation.m */,
				76CAFF751A2435C70079ABB2 /* AFImageRequestOperation.h */,
				76CAFF761A2435C70079ABB2 /* AFImageRequestOperation.m */,
				76CAFF771A2435C70079ABB2 /* AFJSONRequestOperation.h */,
				76CAFF781A2435C70079ABB2 /* AFJSONRequestOperation.m */,
				76CAFF791A2435C70079ABB2 /* AFNetworkActivityIndicatorManager.h */,
				76CAFF7A1A2435C70079ABB2 /* AFNetworkActivityIndicatorManager.m */,
				76CAFF7B1A2435C70079ABB2 /* AFNetworking.h */,
				76CAFF7C1A2435C70079ABB2 /* AFPropertyListRequestOperation.h */,
				76CAFF7D1A2435C70079ABB2 /* AFPropertyListRequestOperation.m */,
				76CAFF7E1A2435C70079ABB2 /* AFURLConnectionOperation.h */,
				76CAFF7F1A2435C70079ABB2 /* AFURLConnectionOperation.m */,
				76CAFF801A2435C70079ABB2 /* AFXMLRequestOperation.h */,
				76CAFF811A2435C70079ABB2 /* AFXMLRequestOperation.m */,
				76CAFF821A2435C70079ABB2 /* UIImageView+AFNetworking.h */,
				76CAFF831A2435C70079ABB2 /* UIImageView+AFNetworking.m */,
			);
			name = AFNetworking;
			sourceTree = "<group>";
		};
		76CAFF8D1A24364F0079ABB2 /* Images */ = {
			isa = PBXGroup;
			children = (
				76CAFF8E1A2436A30079ABB2 /* btn_nav_back.png */,
				76CAFF8F1A2436A30079ABB2 /* btn_nav_back@2x.png */,
			);
			name = Images;
			sourceTree = "<group>";
		};
/* End PBXGroup section */

/* Begin PBXNativeTarget section */
		76CAFF451A2421100079ABB2 /* ExerciseTableViewNavi_1125 */ = {
			isa = PBXNativeTarget;
			buildConfigurationList = 76CAFF691A2421100079ABB2 /* Build configuration list for PBXNativeTarget "ExerciseTableViewNavi_1125" */;
			buildPhases = (
				76CAFF421A2421100079ABB2 /* Sources */,
				76CAFF431A2421100079ABB2 /* Frameworks */,
				76CAFF441A2421100079ABB2 /* Resources */,
			);
			buildRules = (
			);
			dependencies = (
			);
			name = ExerciseTableViewNavi_1125;
			productName = ExerciseTableViewNavi_1125;
			productReference = 76CAFF461A2421100079ABB2 /* ExerciseTableViewNavi_1125.app */;
			productType = "com.apple.product-type.application";
		};
		76CAFF5E1A2421100079ABB2 /* ExerciseTableViewNavi_1125Tests */ = {
			isa = PBXNativeTarget;
			buildConfigurationList = 76CAFF6C1A2421100079ABB2 /* Build configuration list for PBXNativeTarget "ExerciseTableViewNavi_1125Tests" */;
			buildPhases = (
				76CAFF5B1A2421100079ABB2 /* Sources */,
				76CAFF5C1A2421100079ABB2 /* Frameworks */,
				76CAFF5D1A2421100079ABB2 /* Resources */,
			);
			buildRules = (
			);
			dependencies = (
				76CAFF611A2421100079ABB2 /* PBXTargetDependency */,
			);
			name = ExerciseTableViewNavi_1125Tests;
			productName = ExerciseTableViewNavi_1125Tests;
			productReference = 76CAFF5F1A2421100079ABB2 /* ExerciseTableViewNavi_1125Tests.xctest */;
			productType = "com.apple.product-type.bundle.unit-test";
		};
/* End PBXNativeTarget section */

/* Begin PBXProject section */
		76CAFF3E1A2421100079ABB2 /* Project object */ = {
			isa = PBXProject;
			attributes = {
				LastUpgradeCheck = 0610;
				ORGANIZATIONNAME = Cyrilshanway;
				TargetAttributes = {
					76CAFF451A2421100079ABB2 = {
						CreatedOnToolsVersion = 6.1;
					};
					76CAFF5E1A2421100079ABB2 = {
						CreatedOnToolsVersion = 6.1;
						TestTargetID = 76CAFF451A2421100079ABB2;
					};
				};
			};
			buildConfigurationList = 76CAFF411A2421100079ABB2 /* Build configuration list for PBXProject "ExerciseTableViewNavi_1125" */;
			compatibilityVersion = "Xcode 3.2";
			developmentRegion = English;
			hasScannedForEncodings = 0;
			knownRegions = (
				en,
				Base,
			);
			mainGroup = 76CAFF3D1A2421100079ABB2;
			productRefGroup = 76CAFF471A2421100079ABB2 /* Products */;
			projectDirPath = "";
			projectRoot = "";
			targets = (
				76CAFF451A2421100079ABB2 /* ExerciseTableViewNavi_1125 */,
				76CAFF5E1A2421100079ABB2 /* ExerciseTableViewNavi_1125Tests */,
			);
		};
/* End PBXProject section */

/* Begin PBXResourcesBuildPhase section */
		76CAFF441A2421100079ABB2 /* Resources */ = {
			isa = PBXResourcesBuildPhase;
			buildActionMask = 2147483647;
			files = (
				76CAFF551A2421100079ABB2 /* Main.storyboard in Resources */,
				76CAFF5A1A2421100079ABB2 /* LaunchScreen.xib in Resources */,
				76CAFF571A2421100079ABB2 /* Images.xcassets in Resources */,
				76CAFF901A2436A30079ABB2 /* btn_nav_back.png in Resources */,
				76CAFF911A2436A30079ABB2 /* btn_nav_back@2x.png in Resources */,
			);
			runOnlyForDeploymentPostprocessing = 0;
		};
		76CAFF5D1A2421100079ABB2 /* Resources */ = {
			isa = PBXResourcesBuildPhase;
			buildActionMask = 2147483647;
			files = (
			);
			runOnlyForDeploymentPostprocessing = 0;
		};
/* End PBXResourcesBuildPhase section */

/* Begin PBXSourcesBuildPhase section */
		76CAFF421A2421100079ABB2 /* Sources */ = {
			isa = PBXSourcesBuildPhase;
			buildActionMask = 2147483647;
			files = (
				76CAFF861A2435C70079ABB2 /* AFImageRequestOperation.m in Sources */,
				76CAFF521A2421100079ABB2 /* ViewController.m in Sources */,
				76CAFF891A2435C70079ABB2 /* AFPropertyListRequestOperation.m in Sources */,
				76CAFF4F1A2421100079ABB2 /* AppDelegate.m in Sources */,
				76CAFF8A1A2435C70079ABB2 /* AFURLConnectionOperation.m in Sources */,
				76CAFF8B1A2435C70079ABB2 /* AFXMLRequestOperation.m in Sources */,
				76CAFF871A2435C70079ABB2 /* AFJSONRequestOperation.m in Sources */,
				76CAFF8C1A2435C70079ABB2 /* UIImageView+AFNetworking.m in Sources */,
				76CAFF881A2435C70079ABB2 /* AFNetworkActivityIndicatorManager.m in Sources */,
				76CAFF851A2435C70079ABB2 /* AFHTTPRequestOperation.m in Sources */,
				76CAFF4C1A2421100079ABB2 /* main.m in Sources */,
				76CAFF841A2435C70079ABB2 /* AFHTTPClient.m in Sources */,
			);
			runOnlyForDeploymentPostprocessing = 0;
		};
		76CAFF5B1A2421100079ABB2 /* Sources */ = {
			isa = PBXSourcesBuildPhase;
			buildActionMask = 2147483647;
			files = (
				76CAFF661A2421100079ABB2 /* ExerciseTableViewNavi_1125Tests.m in Sources */,
			);
			runOnlyForDeploymentPostprocessing = 0;
		};
/* End PBXSourcesBuildPhase section */

/* Begin PBXTargetDependency section */
		76CAFF611A2421100079ABB2 /* PBXTargetDependency */ = {
			isa = PBXTargetDependency;
			target = 76CAFF451A2421100079ABB2 /* ExerciseTableViewNavi_1125 */;
			targetProxy = 76CAFF601A2421100079ABB2 /* PBXContainerItemProxy */;
		};
/* End PBXTargetDependency section */

/* Begin PBXVariantGroup section */
		76CAFF531A2421100079ABB2 /* Main.storyboard */ = {
			isa = PBXVariantGroup;
			children = (
				76CAFF541A2421100079ABB2 /* Base */,
			);
			name = Main.storyboard;
			sourceTree = "<group>";
		};
		76CAFF581A2421100079ABB2 /* LaunchScreen.xib */ = {
			isa = PBXVariantGroup;
			children = (
				76CAFF591A2421100079ABB2 /* Base */,
			);
			name = LaunchScreen.xib;
			sourceTree = "<group>";
		};
/* End PBXVariantGroup section */

/* Begin XCBuildConfiguration section */
		76CAFF671A2421100079ABB2 /* Debug */ = {
			isa = XCBuildConfiguration;
			buildSettings = {
				ALWAYS_SEARCH_USER_PATHS = NO;
				CLANG_CXX_LANGUAGE_STANDARD = "gnu++0x";
				CLANG_CXX_LIBRARY = "libc++";
				CLANG_ENABLE_MODULES = YES;
				CLANG_ENABLE_OBJC_ARC = YES;
				CLANG_WARN_BOOL_CONVERSION = YES;
				CLANG_WARN_CONSTANT_CONVERSION = YES;
				CLANG_WARN_DIRECT_OBJC_ISA_USAGE = YES_ERROR;
				CLANG_WARN_EMPTY_BODY = YES;
				CLANG_WARN_ENUM_CONVERSION = YES;
				CLANG_WARN_INT_CONVERSION = YES;
				CLANG_WARN_OBJC_ROOT_CLASS = YES_ERROR;
				CLANG_WARN_UNREACHABLE_CODE = YES;
				CLANG_WARN__DUPLICATE_METHOD_MATCH = YES;
				"CODE_SIGN_IDENTITY[sdk=iphoneos*]" = "iPhone Developer";
				COPY_PHASE_STRIP = NO;
				ENABLE_STRICT_OBJC_MSGSEND = YES;
				GCC_C_LANGUAGE_STANDARD = gnu99;
				GCC_DYNAMIC_NO_PIC = NO;
				GCC_OPTIMIZATION_LEVEL = 0;
				GCC_PREPROCESSOR_DEFINITIONS = (
					"DEBUG=1",
					"$(inherited)",
				);
				GCC_SYMBOLS_PRIVATE_EXTERN = NO;
				GCC_WARN_64_TO_32_BIT_CONVERSION = YES;
				GCC_WARN_ABOUT_RETURN_TYPE = YES_ERROR;
				GCC_WARN_UNDECLARED_SELECTOR = YES;
				GCC_WARN_UNINITIALIZED_AUTOS = YES_AGGRESSIVE;
				GCC_WARN_UNUSED_FUNCTION = YES;
				GCC_WARN_UNUSED_VARIABLE = YES;
				IPHONEOS_DEPLOYMENT_TARGET = 8.1;
				MTL_ENABLE_DEBUG_INFO = YES;
				ONLY_ACTIVE_ARCH = YES;
				SDKROOT = iphoneos;
			};
			name = Debug;
		};
		76CAFF681A2421100079ABB2 /* Release */ = {
			isa = XCBuildConfiguration;
			buildSettings = {
				ALWAYS_SEARCH_USER_PATHS = NO;
				CLANG_CXX_LANGUAGE_STANDARD = "gnu++0x";
				CLANG_CXX_LIBRARY = "libc++";
				CLANG_ENABLE_MODULES = YES;
				CLANG_ENABLE_OBJC_ARC = YES;
				CLANG_WARN_BOOL_CONVERSION = YES;
				CLANG_WARN_CONSTANT_CONVERSION = YES;
				CLANG_WARN_DIRECT_OBJC_ISA_USAGE = YES_ERROR;
				CLANG_WARN_EMPTY_BODY = YES;
				CLANG_WARN_ENUM_CONVERSION = YES;
				CLANG_WARN_INT_CONVERSION = YES;
				CLANG_WARN_OBJC_ROOT_CLASS = YES_ERROR;
				CLANG_WARN_UNREACHABLE_CODE = YES;
				CLANG_WARN__DUPLICATE_METHOD_MATCH = YES;
				"CODE_SIGN_IDENTITY[sdk=iphoneos*]" = "iPhone Developer";
				COPY_PHASE_STRIP = YES;
				ENABLE_NS_ASSERTIONS = NO;
				ENABLE_STRICT_OBJC_MSGSEND = YES;
				GCC_C_LANGUAGE_STANDARD = gnu99;
				GCC_WARN_64_TO_32_BIT_CONVERSION = YES;
				GCC_WARN_ABOUT_RETURN_TYPE = YES_ERROR;
				GCC_WARN_UNDECLARED_SELECTOR = YES;
				GCC_WARN_UNINITIALIZED_AUTOS = YES_AGGRESSIVE;
				GCC_WARN_UNUSED_FUNCTION = YES;
				GCC_WARN_UNUSED_VARIABLE = YES;
				IPHONEOS_DEPLOYMENT_TARGET = 8.1;
				MTL_ENABLE_DEBUG_INFO = NO;
				SDKROOT = iphoneos;
				VALIDATE_PRODUCT = YES;
			};
			name = Release;
		};
		76CAFF6A1A2421100079ABB2 /* Debug */ = {
			isa = XCBuildConfiguration;
			buildSettings = {
				ASSETCATALOG_COMPILER_APPICON_NAME = AppIcon;
				INFOPLIST_FILE = ExerciseTableViewNavi_1125/Info.plist;
				LD_RUNPATH_SEARCH_PATHS = "$(inherited) @executable_path/Frameworks";
				PRODUCT_NAME = "$(TARGET_NAME)";
			};
			name = Debug;
		};
		76CAFF6B1A2421100079ABB2 /* Release */ = {
			isa = XCBuildConfiguration;
			buildSettings = {
				ASSETCATALOG_COMPILER_APPICON_NAME = AppIcon;
				INFOPLIST_FILE = ExerciseTableViewNavi_1125/Info.plist;
				LD_RUNPATH_SEARCH_PATHS = "$(inherited) @executable_path/Frameworks";
				PRODUCT_NAME = "$(TARGET_NAME)";
			};
			name = Release;
		};
		76CAFF6D1A2421100079ABB2 /* Debug */ = {
			isa = XCBuildConfiguration;
			buildSettings = {
				BUNDLE_LOADER = "$(TEST_HOST)";
				FRAMEWORK_SEARCH_PATHS = (
					"$(SDKROOT)/Developer/Library/Frameworks",
					"$(inherited)",
				);
				GCC_PREPROCESSOR_DEFINITIONS = (
					"DEBUG=1",
					"$(inherited)",
				);
				INFOPLIST_FILE = ExerciseTableViewNavi_1125Tests/Info.plist;
				LD_RUNPATH_SEARCH_PATHS = "$(inherited) @executable_path/Frameworks @loader_path/Frameworks";
				PRODUCT_NAME = "$(TARGET_NAME)";
				TEST_HOST = "$(BUILT_PRODUCTS_DIR)/ExerciseTableViewNavi_1125.app/ExerciseTableViewNavi_1125";
			};
			name = Debug;
		};
		76CAFF6E1A2421100079ABB2 /* Release */ = {
			isa = XCBuildConfiguration;
			buildSettings = {
				BUNDLE_LOADER = "$(TEST_HOST)";
				FRAMEWORK_SEARCH_PATHS = (
					"$(SDKROOT)/Developer/Library/Frameworks",
					"$(inherited)",
				);
				INFOPLIST_FILE = ExerciseTableViewNavi_1125Tests/Info.plist;
				LD_RUNPATH_SEARCH_PATHS = "$(inherited) @executable_path/Frameworks @loader_path/Frameworks";
				PRODUCT_NAME = "$(TARGET_NAME)";
				TEST_HOST = "$(BUILT_PRODUCTS_DIR)/ExerciseTableViewNavi_1125.app/ExerciseTableViewNavi_1125";
			};
			name = Release;
		};
/* End XCBuildConfiguration section */

/* Begin XCConfigurationList section */
		76CAFF411A2421100079ABB2 /* Build configuration list for PBXProject "ExerciseTableViewNavi_1125" */ = {
			isa = XCConfigurationList;
			buildConfigurations = (
				76CAFF671A2421100079ABB2 /* Debug */,
				76CAFF681A2421100079ABB2 /* Release */,
			);
			defaultConfigurationIsVisible = 0;
			defaultConfigurationName = Release;
		};
		76CAFF691A2421100079ABB2 /* Build configuration list for PBXNativeTarget "ExerciseTableViewNavi_1125" */ = {
			isa = XCConfigurationList;
			buildConfigurations = (
				76CAFF6A1A2421100079ABB2 /* Debug */,
				76CAFF6B1A2421100079ABB2 /* Release */,
			);
			defaultConfigurationIsVisible = 0;
		};
		76CAFF6C1A2421100079ABB2 /* Build configuration list for PBXNativeTarget "ExerciseTableViewNavi_1125Tests" */ = {
			isa = XCConfigurationList;
			buildConfigurations = (
				76CAFF6D1A2421100079ABB2 /* Debug */,
				76CAFF6E1A2421100079ABB2 /* Release */,
			);
			defaultConfigurationIsVisible = 0;
		};
/* End XCConfigurationList section */
	};
	rootObject = 76CAFF3E1A2421100079ABB2 /* Project object */;
}
